Microsoft Visual Studio Solution File, Format Version 12.00
# Visual Studio 2012
Project("{FAE04EC0-301F-11D3-BF4B-00C04F79EFBC}") = "Dressup", "Dressup.csproj", "{DFE1BA5B-4E63-4769-A290-2D57D90F5C0C}"
EndProject
Global
	GlobalSection(SolutionConfigurationPlatforms) = preSolution
	Debug|Any CPU = Debug|Any CPU
	ExportDebug|Any CPU = ExportDebug|Any CPU
	ExportRelease|Any CPU = ExportRelease|Any CPU
	EndGlobalSection
	GlobalSection(ProjectConfigurationPlatforms) = postSolution
		{DFE1BA5B-4E63-4769-A290-2D57D90F5C0C}.Debug|Any CPU.ActiveCfg = Debug|Any CPU
		{DFE1BA5B-4E63-4769-A290-2D57D90F5C0C}.Debug|Any CPU.Build.0 = Debug|Any CPU
		{DFE1BA5B-4E63-4769-A290-2D57D90F5C0C}.ExportDebug|Any CPU.ActiveCfg = ExportDebug|Any CPU
		{DFE1BA5B-4E63-4769-A290-2D57D90F5C0C}.ExportDebug|Any CPU.Build.0 = ExportDebug|Any CPU
		{DFE1BA5B-4E63-4769-A290-2D57D90F5C0C}.ExportRelease|Any CPU.ActiveCfg = ExportRelease|Any CPU
		{DFE1BA5B-4E63-4769-A290-2D57D90F5C0C}.ExportRelease|Any CPU.Build.0 = ExportRelease|Any CPU
	EndGlobalSection
EndGlobal
